
Microsoft Visual Studio Solution File, Format Version 12.00
# Visual Studio 2013
VisualStudioVersion = 12.0.40121.0
MinimumVisualStudioVersion = 10.0.40219.1
Project("{FAE04EC0-301F-11D3-BF4B-00C04F79EFBC}") = "DataTier", "DataTier\DataTier.csproj", "{BC7E4BF2-8AEB-4C15-867F-A3670D2EE19C}"
EndProject
Global
	GlobalSection(SolutionConfigurationPlatforms) = preSolution
		Debug|Any CPU = Debug|Any CPU
		Release|Any CPU = Release|Any CPU
	EndGlobalSection
	GlobalSection(ProjectConfigurationPlatforms) = postSolution
		{BC7E4BF2-8AEB-4C15-867F-A3670D2EE19C}.Debug|Any CPU.ActiveCfg = Debug|Any CPU
		{BC7E4BF2-8AEB-4C15-867F-A3670D2EE19C}.Debug|Any CPU.Build.0 = Debug|Any CPU
		{BC7E4BF2-8AEB-4C15-867F-A3670D2EE19C}.Release|Any CPU.ActiveCfg = Release|Any CPU
		{BC7E4BF2-8AEB-4C15-867F-A3670D2EE19C}.Release|Any CPU.Build.0 = Release|Any CPU
	EndGlobalSection
	GlobalSection(SolutionProperties) = preSolution
		HideSolutionNode = FALSE
	EndGlobalSection
EndGlobal
